{
    "_readme": [
        "This file locks the dependencies of your project to a known state",
        "Read more about it at https://getcomposer.org/doc/01-basic-usage.md#composer-lock-the-lock-file",
        "This file is @generated automatically"
    ],
    "content-hash": "6992afdd8c5308e4cd8c4e5582decd10",
    "packages": [
        {
            "name": "zumba/json-serializer",
            "version": "2.2.0",
            "source": {
                "type": "git",
                "url": "https://github.com/zumba/json-serializer.git",
                "reference": "b7415a88841f4493eddfba390456b25fe22e286a"
            },
            "dist": {
                "type": "zip",
                "url": "https://api.github.com/repos/zumba/json-serializer/zipball/b7415a88841f4493eddfba390456b25fe22e286a",
                "reference": "b7415a88841f4493eddfba390456b25fe22e286a",
                "shasum": ""
            },
            "require": {
                "ext-mbstring": "*",
                "php": ">=5.4.0"
            },
            "require-dev": {
                "phpunit/phpunit": "4.8.*"
            },
            "suggest": {
                "jeremeamia/superclosure": "Allow to serialize PHP closures"
            },
            "type": "library",
            "autoload": {
                "psr-4": {
                    "Zumba\\": "src/",
                    "Zumba\\JsonSerializer\\Test\\": "tests/"
                }
            },
            "notification-url": "https://packagist.org/downloads/",
            "license": [
                "MIT"
            ],
            "authors": [
                {
                    "name": "Juan Basso",
                    "email": "juan.basso@zumba.com"
                },
                {
                    "name": "Zumba Fitness, LLC",
                    "email": "engineering@zumba.com"
                }
            ],
            "description": "Serialize PHP variables, including objects, in JSON format. Support to unserialize it too.",
            "homepage": "http://tech.zumba.com",
            "keywords": [
                "json",
                "serialize",
                "serializer"
            ],
            "time": "2018-02-07T18:14:13+00:00"
        }
    ],
    "packages-dev": [],
    "aliases": [],
    "minimum-stability": "stable",
    "stability-flags": [],
    "prefer-stable": false,
    "prefer-lowest": false,
    "platform": [],
    "platform-dev": []
}
